
Microsoft Visual Studio Solution File, Format Version 12.00
# Visual Studio Version 17
VisualStudioVersion = 17.1.32319.34
MinimumVisualStudioVersion = 10.0.40219.1
Project("{9A19103F-16F7-4668-BE54-9A1E7A4F7556}") = "Sopra.Labs.ConsoleApp1", "Sopra.Labs.ConsoleApp1\Sopra.Labs.ConsoleApp1.csproj", "{475CA761-3D0F-4B31-A262-1E9C17F986C8}"
EndProject
Project("{9A19103F-16F7-4668-BE54-9A1E7A4F7556}") = "Demo.Sopra.ConsoleApp1", "Demo.Sopra.ConsoleApp1\Demo.Sopra.ConsoleApp1.csproj", "{B6A2E1D0-69B9-49D4-9CC0-FE3E147CE5CF}"
EndProject
Project("{9A19103F-16F7-4668-BE54-9A1E7A4F7556}") = "Demo.Sopra.WebApplication1", "Demo.Sopra.WebApplication1\Demo.Sopra.WebApplication1.csproj", "{41DCF18A-B93A-40DC-A2F4-9E26A9D038E9}"
EndProject
Project("{9A19103F-16F7-4668-BE54-9A1E7A4F7556}") = "Demo2.Sopra.ConsoleApp1", "Demo2.Sopra.ConsoleApp1\Demo2.Sopra.ConsoleApp1.csproj", "{0E343D6F-A941-49B7-864E-BD565729BBC2}"
EndProject
Project("{9A19103F-16F7-4668-BE54-9A1E7A4F7556}") = "Demo3.Sopra.ConsoleApp1", "Demo3.Sopra.ConsoleApp1\Demo3.Sopra.ConsoleApp1.csproj", "{7E256A02-3B7B-46D4-AABE-2038B5D9009B}"
EndProject
Global
	GlobalSection(SolutionConfigurationPlatforms) = preSolution
		Debug|Any CPU = Debug|Any CPU
		Release|Any CPU = Release|Any CPU
	EndGlobalSection
	GlobalSection(ProjectConfigurationPlatforms) = postSolution
		{475CA761-3D0F-4B31-A262-1E9C17F986C8}.Debug|Any CPU.ActiveCfg = Debug|Any CPU
		{475CA761-3D0F-4B31-A262-1E9C17F986C8}.Debug|Any CPU.Build.0 = Debug|Any CPU
		{475CA761-3D0F-4B31-A262-1E9C17F986C8}.Release|Any CPU.ActiveCfg = Release|Any CPU
		{475CA761-3D0F-4B31-A262-1E9C17F986C8}.Release|Any CPU.Build.0 = Release|Any CPU
		{B6A2E1D0-69B9-49D4-9CC0-FE3E147CE5CF}.Debug|Any CPU.ActiveCfg = Debug|Any CPU
		{B6A2E1D0-69B9-49D4-9CC0-FE3E147CE5CF}.Debug|Any CPU.Build.0 = Debug|Any CPU
		{B6A2E1D0-69B9-49D4-9CC0-FE3E147CE5CF}.Release|Any CPU.ActiveCfg = Release|Any CPU
		{B6A2E1D0-69B9-49D4-9CC0-FE3E147CE5CF}.Release|Any CPU.Build.0 = Release|Any CPU
		{41DCF18A-B93A-40DC-A2F4-9E26A9D038E9}.Debug|Any CPU.ActiveCfg = Debug|Any CPU
		{41DCF18A-B93A-40DC-A2F4-9E26A9D038E9}.Debug|Any CPU.Build.0 = Debug|Any CPU
		{41DCF18A-B93A-40DC-A2F4-9E26A9D038E9}.Release|Any CPU.ActiveCfg = Release|Any CPU
		{41DCF18A-B93A-40DC-A2F4-9E26A9D038E9}.Release|Any CPU.Build.0 = Release|Any CPU
		{0E343D6F-A941-49B7-864E-BD565729BBC2}.Debug|Any CPU.ActiveCfg = Debug|Any CPU
		{0E343D6F-A941-49B7-864E-BD565729BBC2}.Debug|Any CPU.Build.0 = Debug|Any CPU
		{0E343D6F-A941-49B7-864E-BD565729BBC2}.Release|Any CPU.ActiveCfg = Release|Any CPU
		{0E343D6F-A941-49B7-864E-BD565729BBC2}.Release|Any CPU.Build.0 = Release|Any CPU
		{7E256A02-3B7B-46D4-AABE-2038B5D9009B}.Debug|Any CPU.ActiveCfg = Debug|Any CPU
		{7E256A02-3B7B-46D4-AABE-2038B5D9009B}.Debug|Any CPU.Build.0 = Debug|Any CPU
		{7E256A02-3B7B-46D4-AABE-2038B5D9009B}.Release|Any CPU.ActiveCfg = Release|Any CPU
		{7E256A02-3B7B-46D4-AABE-2038B5D9009B}.Release|Any CPU.Build.0 = Release|Any CPU
	EndGlobalSection
	GlobalSection(SolutionProperties) = preSolution
		HideSolutionNode = FALSE
	EndGlobalSection
	GlobalSection(ExtensibilityGlobals) = postSolution
		SolutionGuid = {FA197265-6988-44F5-BD68-7367EABA87CF}
	EndGlobalSection
EndGlobal
